
Microsoft Visual Studio Solution File, Format Version 12.00
# Visual Studio Version 17
VisualStudioVersion = 17.0.32112.339
MinimumVisualStudioVersion = 10.0.40219.1
Project("{9A19103F-16F7-4668-BE54-9A1E7A4F7556}") = "HueManatee", "HueManatee\HueManatee.csproj", "{B8988EBC-B502-4094-9FA9-1E01620FA0D5}"
EndProject
Project("{9A19103F-16F7-4668-BE54-9A1E7A4F7556}") = "HueManatee.Tests", "HueManatee.Tests\HueManatee.Tests.csproj", "{2214FD34-8102-471B-96F3-0098245A806C}"
EndProject
Project("{FAE04EC0-301F-11D3-BF4B-00C04F79EFBC}") = "HueManatee.ExampleFunction", "HueManatee.ExampleFunction\HueManatee.ExampleFunction.csproj", "{878456CD-6EF9-4EDA-919E-5744552DB1E4}"
EndProject
Global
	GlobalSection(SolutionConfigurationPlatforms) = preSolution
		Debug|Any CPU = Debug|Any CPU
		Release|Any CPU = Release|Any CPU
	EndGlobalSection
	GlobalSection(ProjectConfigurationPlatforms) = postSolution
		{B8988EBC-B502-4094-9FA9-1E01620FA0D5}.Debug|Any CPU.ActiveCfg = Debug|Any CPU
		{B8988EBC-B502-4094-9FA9-1E01620FA0D5}.Debug|Any CPU.Build.0 = Debug|Any CPU
		{B8988EBC-B502-4094-9FA9-1E01620FA0D5}.Release|Any CPU.ActiveCfg = Release|Any CPU
		{B8988EBC-B502-4094-9FA9-1E01620FA0D5}.Release|Any CPU.Build.0 = Release|Any CPU
		{2214FD34-8102-471B-96F3-0098245A806C}.Debug|Any CPU.ActiveCfg = Debug|Any CPU
		{2214FD34-8102-471B-96F3-0098245A806C}.Debug|Any CPU.Build.0 = Debug|Any CPU
		{2214FD34-8102-471B-96F3-0098245A806C}.Release|Any CPU.ActiveCfg = Release|Any CPU
		{2214FD34-8102-471B-96F3-0098245A806C}.Release|Any CPU.Build.0 = Release|Any CPU
		{878456CD-6EF9-4EDA-919E-5744552DB1E4}.Debug|Any CPU.ActiveCfg = Debug|Any CPU
		{878456CD-6EF9-4EDA-919E-5744552DB1E4}.Debug|Any CPU.Build.0 = Debug|Any CPU
		{878456CD-6EF9-4EDA-919E-5744552DB1E4}.Release|Any CPU.ActiveCfg = Release|Any CPU
		{878456CD-6EF9-4EDA-919E-5744552DB1E4}.Release|Any CPU.Build.0 = Release|Any CPU
	EndGlobalSection
	GlobalSection(SolutionProperties) = preSolution
		HideSolutionNode = FALSE
	EndGlobalSection
	GlobalSection(ExtensibilityGlobals) = postSolution
		SolutionGuid = {FEE67869-6625-4B99-9254-F09E802B1AB8}
	EndGlobalSection
EndGlobal
